{
  "version": 4,
  "terraform_version": "1.15.5",
  "serial": 4,
  "lineage": "39fe8475-6b49-db93-cfd3-b6efcc05fd39",
  "outputs": {
    "readme_path": {
      "value": "./output/README.md",
      "type": "string"
    }
  },
  "resources": [
    {
      "mode": "managed",
      "type": "local_file",
      "name": "readme",
      "provider": "provider[\"registry.terraform.io/hashicorp/local\"]",
      "instances": [
        {
          "schema_version": 0,
          "attributes": {
            "content": "# api-gateway\r\n\r\nGenerado automáticamente.\r\n\r\nAutor: Ana García\r\n\r\nEntorno: DEV\r\n",
            "content_base64": null,
            "content_base64sha256": "NcpgKPQARs109ekWhHlZx2979a2SNsF+IuqRsvi4Wxk=",
            "content_base64sha512": "FzPHKoB2banstE32wz1uBtq/f1HT7lM1nw/YhmgwhJ2MPRLgDGEghGkmtOPVi2RuBtgUajSq+4ZGT+PrEq2gvQ==",
            "content_md5": "0100658f43f8d223f3fb189eca2b3c6b",
            "content_sha1": "9d8c5b8b0f146db6bc931951f1c22403292c300a",
            "content_sha256": "35ca6028f40046cd74f5e916847959c76f7bf5ad9236c17e22ea91b2f8b85b19",
            "content_sha512": "1733c72a80766da9ecb44df6c33d6e06dabf7f51d3ee53359f0fd8866830849d8c3d12e00c6120846926b4e3d58b646e06d8146a34aafb86464fe3eb12ada0bd",
            "directory_permission": "0777",
            "file_permission": "0777",
            "filename": "./output/README.md",
            "id": "9d8c5b8b0f146db6bc931951f1c22403292c300a",
            "sensitive_content": null,
            "source": null
          },
          "sensitive_attributes": [
            [
              {
                "type": "get_attr",
                "value": "sensitive_content"
              }
            ]
          ],
          "identity_schema_version": 0
        }
      ]
    }
  ],
  "check_results": null
}
